
Microsoft Visual Studio Solution File, Format Version 9.00
# Visual Studio 2005
Project("{8BC9CEB8-8B4A-11D0-8D11-00A0C91BC942}") = "Test-07", "Test-07\Test-07.vcproj", "{F1C59C96-A94A-4BBB-9A60-C27773806CF3}"
EndProject
Global
	GlobalSection(SolutionConfigurationPlatforms) = preSolution
		Debug|Win32 = Debug|Win32
		Release|Win32 = Release|Win32
	EndGlobalSection
	GlobalSection(ProjectConfigurationPlatforms) = postSolution
		{F1C59C96-A94A-4BBB-9A60-C27773806CF3}.Debug|Win32.ActiveCfg = Debug|Win32
		{F1C59C96-A94A-4BBB-9A60-C27773806CF3}.Debug|Win32.Build.0 = Debug|Win32
		{F1C59C96-A94A-4BBB-9A60-C27773806CF3}.Release|Win32.ActiveCfg = Release|Win32
		{F1C59C96-A94A-4BBB-9A60-C27773806CF3}.Release|Win32.Build.0 = Release|Win32
	EndGlobalSection
	GlobalSection(SolutionProperties) = preSolution
		HideSolutionNode = FALSE
	EndGlobalSection
EndGlobal
