
Microsoft Visual Studio Solution File, Format Version 9.00
# Visual Studio 2005
Project("{8BC9CEB8-8B4A-11D0-8D11-00A0C91BC942}") = "TJOJ-10001-Summing a Series", "TJOJ-10001-Summing a Series\TJOJ-10001-Summing a Series.vcproj", "{DD9674EA-B20D-4848-A924-91AD460AAD81}"
EndProject
Global
	GlobalSection(SolutionConfigurationPlatforms) = preSolution
		Debug|Win32 = Debug|Win32
		Release|Win32 = Release|Win32
	EndGlobalSection
	GlobalSection(ProjectConfigurationPlatforms) = postSolution
		{DD9674EA-B20D-4848-A924-91AD460AAD81}.Debug|Win32.ActiveCfg = Debug|Win32
		{DD9674EA-B20D-4848-A924-91AD460AAD81}.Debug|Win32.Build.0 = Debug|Win32
		{DD9674EA-B20D-4848-A924-91AD460AAD81}.Release|Win32.ActiveCfg = Release|Win32
		{DD9674EA-B20D-4848-A924-91AD460AAD81}.Release|Win32.Build.0 = Release|Win32
	EndGlobalSection
	GlobalSection(SolutionProperties) = preSolution
		HideSolutionNode = FALSE
	EndGlobalSection
EndGlobal
