
Microsoft Visual Studio Solution File, Format Version 9.00
# Visual Studio 2005
Project("{8BC9CEB8-8B4A-11D0-8D11-00A0C91BC942}") = "TestCustomControl", "TestCustomControl\TestCustomControl.vcproj", "{2A781B35-BD82-46B3-8498-E17BC01994AD}"
EndProject
Global
	GlobalSection(SolutionConfigurationPlatforms) = preSolution
		Debug|Win32 = Debug|Win32
		Release|Win32 = Release|Win32
	EndGlobalSection
	GlobalSection(ProjectConfigurationPlatforms) = postSolution
		{2A781B35-BD82-46B3-8498-E17BC01994AD}.Debug|Win32.ActiveCfg = Debug|Win32
		{2A781B35-BD82-46B3-8498-E17BC01994AD}.Debug|Win32.Build.0 = Debug|Win32
		{2A781B35-BD82-46B3-8498-E17BC01994AD}.Release|Win32.ActiveCfg = Release|Win32
		{2A781B35-BD82-46B3-8498-E17BC01994AD}.Release|Win32.Build.0 = Release|Win32
	EndGlobalSection
	GlobalSection(SolutionProperties) = preSolution
		HideSolutionNode = FALSE
	EndGlobalSection
EndGlobal
