
Microsoft Visual Studio Solution File, Format Version 9.00
# Visual Studio 2005
Project("{FAE04EC0-301F-11D3-BF4B-00C04F79EFBC}") = "FormToForm", "FormToForm\FormToForm.csproj", "{7C833D9C-DC14-4BBF-94A7-835271B00B58}"
EndProject
Global
	GlobalSection(SolutionConfigurationPlatforms) = preSolution
		Debug|Any CPU = Debug|Any CPU
		Release|Any CPU = Release|Any CPU
	EndGlobalSection
	GlobalSection(ProjectConfigurationPlatforms) = postSolution
		{7C833D9C-DC14-4BBF-94A7-835271B00B58}.Debug|Any CPU.ActiveCfg = Debug|Any CPU
		{7C833D9C-DC14-4BBF-94A7-835271B00B58}.Debug|Any CPU.Build.0 = Debug|Any CPU
		{7C833D9C-DC14-4BBF-94A7-835271B00B58}.Debug|Any CPU.Deploy.0 = Debug|Any CPU
		{7C833D9C-DC14-4BBF-94A7-835271B00B58}.Release|Any CPU.ActiveCfg = Release|Any CPU
		{7C833D9C-DC14-4BBF-94A7-835271B00B58}.Release|Any CPU.Build.0 = Release|Any CPU
		{7C833D9C-DC14-4BBF-94A7-835271B00B58}.Release|Any CPU.Deploy.0 = Release|Any CPU
	EndGlobalSection
	GlobalSection(SolutionProperties) = preSolution
		HideSolutionNode = FALSE
	EndGlobalSection
EndGlobal
