
Microsoft Visual Studio Solution File, Format Version 9.00
# Visual Studio 2005
Project("{8BC9CEB8-8B4A-11D0-8D11-00A0C91BC942}") = "Test-03", "Test-03\Test-03.vcproj", "{22175438-6431-4598-B005-4ED3D54F6307}"
EndProject
Global
	GlobalSection(SolutionConfigurationPlatforms) = preSolution
		Debug|Win32 = Debug|Win32
		Release|Win32 = Release|Win32
	EndGlobalSection
	GlobalSection(ProjectConfigurationPlatforms) = postSolution
		{22175438-6431-4598-B005-4ED3D54F6307}.Debug|Win32.ActiveCfg = Debug|Win32
		{22175438-6431-4598-B005-4ED3D54F6307}.Debug|Win32.Build.0 = Debug|Win32
		{22175438-6431-4598-B005-4ED3D54F6307}.Release|Win32.ActiveCfg = Release|Win32
		{22175438-6431-4598-B005-4ED3D54F6307}.Release|Win32.Build.0 = Release|Win32
	EndGlobalSection
	GlobalSection(SolutionProperties) = preSolution
		HideSolutionNode = FALSE
	EndGlobalSection
EndGlobal
